
Microsoft Visual Studio Solution File, Format Version 12.00
# Visual Studio 15
VisualStudioVersion = 15.0.28307.271
MinimumVisualStudioVersion = 10.0.40219.1
Project("{FAE04EC0-301F-11D3-BF4B-00C04F79EFBC}") = "CustomValidation1", "CustomValidation1\CustomValidation1.csproj", "{2C6EE9BA-B8C7-4698-BDDA-AC27A0A275C3}"
EndProject
Global
	GlobalSection(SolutionConfigurationPlatforms) = preSolution
		Debug|Any CPU = Debug|Any CPU
		Release|Any CPU = Release|Any CPU
	EndGlobalSection
	GlobalSection(ProjectConfigurationPlatforms) = postSolution
		{2C6EE9BA-B8C7-4698-BDDA-AC27A0A275C3}.Debug|Any CPU.ActiveCfg = Debug|Any CPU
		{2C6EE9BA-B8C7-4698-BDDA-AC27A0A275C3}.Debug|Any CPU.Build.0 = Debug|Any CPU
		{2C6EE9BA-B8C7-4698-BDDA-AC27A0A275C3}.Release|Any CPU.ActiveCfg = Release|Any CPU
		{2C6EE9BA-B8C7-4698-BDDA-AC27A0A275C3}.Release|Any CPU.Build.0 = Release|Any CPU
	EndGlobalSection
	GlobalSection(SolutionProperties) = preSolution
		HideSolutionNode = FALSE
	EndGlobalSection
	GlobalSection(ExtensibilityGlobals) = postSolution
		SolutionGuid = {96AB3EF6-DDBC-4BDC-A05B-66BB8FA8D569}
	EndGlobalSection
EndGlobal
