
Microsoft Visual Studio Solution File, Format Version 12.00
# Visual Studio 15
VisualStudioVersion = 15.0.28307.271
MinimumVisualStudioVersion = 10.0.40219.1
Project("{FAE04EC0-301F-11D3-BF4B-00C04F79EFBC}") = "CustomRoute", "CustomRoute\CustomRoute.csproj", "{2BC9CD87-4670-4A3B-967E-975C9627960F}"
EndProject
Global
	GlobalSection(SolutionConfigurationPlatforms) = preSolution
		Debug|Any CPU = Debug|Any CPU
		Release|Any CPU = Release|Any CPU
	EndGlobalSection
	GlobalSection(ProjectConfigurationPlatforms) = postSolution
		{2BC9CD87-4670-4A3B-967E-975C9627960F}.Debug|Any CPU.ActiveCfg = Debug|Any CPU
		{2BC9CD87-4670-4A3B-967E-975C9627960F}.Debug|Any CPU.Build.0 = Debug|Any CPU
		{2BC9CD87-4670-4A3B-967E-975C9627960F}.Release|Any CPU.ActiveCfg = Release|Any CPU
		{2BC9CD87-4670-4A3B-967E-975C9627960F}.Release|Any CPU.Build.0 = Release|Any CPU
	EndGlobalSection
	GlobalSection(SolutionProperties) = preSolution
		HideSolutionNode = FALSE
	EndGlobalSection
	GlobalSection(ExtensibilityGlobals) = postSolution
		SolutionGuid = {59FEF4CD-A7D2-4586-869A-FBBAC629B42D}
	EndGlobalSection
EndGlobal
